{
  "name": "@maikovskii-danil/eslint-config-js",
  "version": "3.0.0",
  "lockfileVersion": 3,
  "requires": true,
  "packages": {
    "": {
      "name": "@maikovskii-danil/eslint-config-js",
      "version": "3.0.0",
      "license": "MIT",
      "devDependencies": {
        "@maikovskii-danil/prettier-config-vue": "^2.0.0",
        "prettier": "^3.5.3"
      },
      "engines": {
        "node": "^22.16.0",
        "npm": "^11.4.1"
      },
      "peerDependencies": {
        "globals": "^16.2.0"
      }
    },
    "node_modules/@maikovskii-danil/prettier-config-vue": {
      "version": "2.0.0",
      "resolved": "https://registry.npmjs.org/@maikovskii-danil/prettier-config-vue/-/prettier-config-vue-2.0.0.tgz",
      "integrity": "sha512-4PB3npK2rPDsdcoSvixH2+1R0cD9lz11haBqEF/whO63N0os0HXV9Wlez6oFB8OLsM7NWIpIrPkyUILUjBsEKg==",
      "dev": true,
      "license": "MIT",
      "peerDependencies": {
        "prettier": "^3.5.3"
      }
    },
    "node_modules/globals": {
      "version": "16.2.0",
      "resolved": "https://registry.npmjs.org/globals/-/globals-16.2.0.tgz",
      "integrity": "sha512-O+7l9tPdHCU320IigZZPj5zmRCFG9xHmx9cU8FqU2Rp+JN714seHV+2S9+JslCpY4gJwU2vOGox0wzgae/MCEg==",
      "license": "MIT",
      "peer": true,
      "engines": {
        "node": ">=18"
      },
      "funding": {
        "url": "https://github.com/sponsors/sindresorhus"
      }
    },
    "node_modules/prettier": {
      "version": "3.5.3",
      "resolved": "https://registry.npmjs.org/prettier/-/prettier-3.5.3.tgz",
      "integrity": "sha512-QQtaxnoDJeAkDvDKWCLiwIXkTgRhwYDEQCghU9Z6q03iyek/rxRh/2lC3HB7P8sWT2xC/y5JDctPLBIGzHKbhw==",
      "dev": true,
      "license": "MIT",
      "bin": {
        "prettier": "bin/prettier.cjs"
      },
      "engines": {
        "node": ">=14"
      },
      "funding": {
        "url": "https://github.com/prettier/prettier?sponsor=1"
      }
    }
  }
}
